{
  "name": "malina-ui",
  "version": "1.0.0",
  "lockfileVersion": 1,
  "requires": true,
  "dependencies": {
    "acorn": {
      "version": "7.4.1",
      "resolved": "https://registry.npmjs.org/acorn/-/acorn-7.4.1.tgz",
      "integrity": "sha512-nQyp0o1/mNdbTO1PO6kHkwSrmgZ0MT/jCCpNiwbUjGoRN4dlBhqJtoQuCnEOKzgTVwg0ZWiCoQy6SxMebQVh8A==",
      "dev": true
    },
    "astring": {
      "version": "1.4.3",
      "resolved": "https://registry.npmjs.org/astring/-/astring-1.4.3.tgz",
      "integrity": "sha512-yJlJU/bmN820vL+cbWShu2YQU87dBP5V7BH2N4wODapRv27A2dZtUD0LgjP9lZENvPe9XRoSyWx+pZR6qKqNBw==",
      "dev": true
    },
    "css-tree": {
      "version": "1.1.1",
      "resolved": "https://registry.npmjs.org/css-tree/-/css-tree-1.1.1.tgz",
      "integrity": "sha512-NVN42M2fjszcUNpDbdkvutgQSlFYsr1z7kqeuCagHnNLBfYor6uP1WL1KrkmdYZ5Y1vTBCIOI/C/+8T98fJ71w==",
      "dev": true,
      "requires": {
        "mdn-data": "2.0.14",
        "source-map": "^0.6.1"
      }
    },
    "derver": {
      "version": "0.3.0",
      "resolved": "https://registry.npmjs.org/derver/-/derver-0.3.0.tgz",
      "integrity": "sha512-4klRoqMnumfsq0F44eIyZcTtO6sAzW9LGoXw4ektYVjA6NKUv7DnFrC4UVXAfcXlDR1aCJGc5Fa5AADxI6ynng==",
      "dev": true
    },
    "esbuild": {
      "version": "0.8.17",
      "resolved": "https://registry.npmjs.org/esbuild/-/esbuild-0.8.17.tgz",
      "integrity": "sha512-ReHap+Iyn5BQF0B8F3xrLwu+j57ri5uDUw2ej9XTPAuFDebYiWwRzBY4jhF610bklveXLbCGim/8/2wQKQlu1w==",
      "dev": true
    },
    "malinajs": {
      "version": "0.6.6",
      "resolved": "https://registry.npmjs.org/malinajs/-/malinajs-0.6.6.tgz",
      "integrity": "sha512-obWOB7gyFoqwRRSWSKxnC6jkeJ7Xj7gAsI2I6YxUr+qlLps36jcDZJs1EnlI+S+qGLOxvQBQJnW/0Kl3fwgtUg==",
      "dev": true,
      "requires": {
        "acorn": "^7.3.1",
        "astring": "^1.4.3",
        "css-tree": "^1.0.0-alpha.39"
      }
    },
    "mdn-data": {
      "version": "2.0.14",
      "resolved": "https://registry.npmjs.org/mdn-data/-/mdn-data-2.0.14.tgz",
      "integrity": "sha512-dn6wd0uw5GsdswPFfsgMp5NSB0/aDe6fK94YJV/AJDYXL6HVLWBsxeq7js7Ad+mU2K9LAlwpk6kN2D5mwCPVow==",
      "dev": true
    },
    "source-map": {
      "version": "0.6.1",
      "resolved": "https://registry.npmjs.org/source-map/-/source-map-0.6.1.tgz",
      "integrity": "sha512-UjgapumWlbMhkBgzT7Ykc5YXUT46F0iKu8SGXq0bcwP5dz/h0Plj6enJqjz1Zbq2l5WaqYnrVbwWOWMyF3F47g==",
      "dev": true
    },
    "storik": {
      "version": "1.0.3",
      "resolved": "https://registry.npmjs.org/storik/-/storik-1.0.3.tgz",
      "integrity": "sha512-VkiPjB2ZTGbVqgcdMZtOTdSg/TlKolIfFBJFwYQFPFDIqpLJBxZQ9jLcjuSG/UK9fvqVAthual0qfXHtXRXwyA=="
    },
    "svelte": {
      "version": "3.30.0",
      "resolved": "https://registry.npmjs.org/svelte/-/svelte-3.30.0.tgz",
      "integrity": "sha512-z+hdIACb9TROGvJBQWcItMtlr4s0DBUgJss6qWrtFkOoIInkG+iAMo/FJZQFyDBQZc+dul2+TzYSi/tpTT5/Ag==",
      "dev": true
    }
  }
}
